// !$*UTF8*$!
{
	archiveVersion = 1;
	classes = {
	};
	objectVersion = 50;
	objects = {

/* Begin PBXBuildFile section */
		E93F36B925F235E100834805 /* AppDelegate.swift in Sources */ = {isa = PBXBuildFile; fileRef = E93F36B825F235E100834805 /* AppDelegate.swift */; };
		E93F36BB25F235E100834805 /* SceneDelegate.swift in Sources */ = {isa = PBXBuildFile; fileRef = E93F36BA25F235E100834805 /* SceneDelegate.swift */; };
		E93F36BD25F235E100834805 /* ViewController.swift in Sources */ = {isa = PBXBuildFile; fileRef = E93F36BC25F235E100834805 /* ViewController.swift */; };
		E93F36C025F235E100834805 /* Main.storyboard in Resources */ = {isa = PBXBuildFile; fileRef = E93F36BE25F235E100834805 /* Main.storyboard */; };
		E93F36C225F235E700834805 /* Assets.xcassets in Resources */ = {isa = PBXBuildFile; fileRef = E93F36C125F235E700834805 /* Assets.xcassets */; };
		E93F36C525F235E700834805 /* LaunchScreen.storyboard in Resources */ = {isa = PBXBuildFile; fileRef = E93F36C325F235E700834805 /* LaunchScreen.storyboard */; };
		E93F36CE25F28EA600834805 /* SearchResponse.swift in Sources */ = {isa = PBXBuildFile; fileRef = E93F36CD25F28EA600834805 /* SearchResponse.swift */; };
		E93F36D125F2B5D800834805 /* NetworkService.swift in Sources */ = {isa = PBXBuildFile; fileRef = E93F36D025F2B5D800834805 /* NetworkService.swift */; };
		E93F36D825F380B200834805 /* NetworkDataFetcher.swift in Sources */ = {isa = PBXBuildFile; fileRef = E93F36D725F380B200834805 /* NetworkDataFetcher.swift */; };
/* End PBXBuildFile section */

/* Begin PBXFileReference section */
		E93F36B525F235E100834805 /* NNNnnn.app */ = {isa = PBXFileReference; explicitFileType = wrapper.application; includeInIndex = 0; path = NNNnnn.app; sourceTree = BUILT_PRODUCTS_DIR; };
		E93F36B825F235E100834805 /* AppDelegate.swift */ = {isa = PBXFileReference; lastKnownFileType = sourcecode.swift; path = AppDelegate.swift; sourceTree = "<group>"; };
		E93F36BA25F235E100834805 /* SceneDelegate.swift */ = {isa = PBXFileReference; lastKnownFileType = sourcecode.swift; path = SceneDelegate.swift; sourceTree = "<group>"; };
		E93F36BC25F235E100834805 /* ViewController.swift */ = {isa = PBXFileReference; lastKnownFileType = sourcecode.swift; path = ViewController.swift; sourceTree = "<group>"; };
		E93F36BF25F235E100834805 /* Base */ = {isa = PBXFileReference; lastKnownFileType = file.storyboard; name = Base; path = Base.lproj/Main.storyboard; sourceTree = "<group>"; };
		E93F36C125F235E700834805 /* Assets.xcassets */ = {isa = PBXFileReference; lastKnownFileType = folder.assetcatalog; path = Assets.xcassets; sourceTree = "<group>"; };
		E93F36C425F235E700834805 /* Base */ = {isa = PBXFileReference; lastKnownFileType = file.storyboard; name = Base; path = Base.lproj/LaunchScreen.storyboard; sourceTree = "<group>"; };
		E93F36C625F235E700834805 /* Info.plist */ = {isa = PBXFileReference; lastKnownFileType = text.plist.xml; path = Info.plist; sourceTree = "<group>"; };
		E93F36CD25F28EA600834805 /* SearchResponse.swift */ = {isa = PBXFileReference; lastKnownFileType = sourcecode.swift; path = SearchResponse.swift; sourceTree = "<group>"; };
		E93F36D025F2B5D800834805 /* NetworkService.swift */ = {isa = PBXFileReference; lastKnownFileType = sourcecode.swift; path = NetworkService.swift; sourceTree = "<group>"; };
		E93F36D725F380B200834805 /* NetworkDataFetcher.swift */ = {isa = PBXFileReference; lastKnownFileType = sourcecode.swift; path = NetworkDataFetcher.swift; sourceTree = "<group>"; };
/* End PBXFileReference section */

/* Begin PBXFrameworksBuildPhase section */
		E93F36B225F235E100834805 /* Frameworks */ = {
			isa = PBXFrameworksBuildPhase;
			buildActionMask = 2147483647;
			files = (
			);
			runOnlyForDeploymentPostprocessing = 0;
		};
/* End PBXFrameworksBuildPhase section */

/* Begin PBXGroup section */
		E93F36AC25F235E000834805 = {
			isa = PBXGroup;
			children = (
				E93F36B725F235E100834805 /* NNNnnn */,
				E93F36B625F235E100834805 /* Products */,
			);
			sourceTree = "<group>";
		};
		E93F36B625F235E100834805 /* Products */ = {
			isa = PBXGroup;
			children = (
				E93F36B525F235E100834805 /* NNNnnn.app */,
			);
			name = Products;
			sourceTree = "<group>";
		};
		E93F36B725F235E100834805 /* NNNnnn */ = {
			isa = PBXGroup;
			children = (
				E93F36B825F235E100834805 /* AppDelegate.swift */,
				E93F36BA25F235E100834805 /* SceneDelegate.swift */,
				E93F36BC25F235E100834805 /* ViewController.swift */,
				E93F36D525F2B8A600834805 /* Networking */,
				E93F36D325F2B88900834805 /* Models */,
				E93F36BE25F235E100834805 /* Main.storyboard */,
				E93F36C125F235E700834805 /* Assets.xcassets */,
				E93F36C325F235E700834805 /* LaunchScreen.storyboard */,
				E93F36C625F235E700834805 /* Info.plist */,
			);
			path = NNNnnn;
			sourceTree = "<group>";
		};
		E93F36D325F2B88900834805 /* Models */ = {
			isa = PBXGroup;
			children = (
				E93F36CD25F28EA600834805 /* SearchResponse.swift */,
			);
			path = Models;
			sourceTree = "<group>";
		};
		E93F36D525F2B8A600834805 /* Networking */ = {
			isa = PBXGroup;
			children = (
				E93F36D025F2B5D800834805 /* NetworkService.swift */,
				E93F36D725F380B200834805 /* NetworkDataFetcher.swift */,
			);
			path = Networking;
			sourceTree = "<group>";
		};
/* End PBXGroup section */

/* Begin PBXNativeTarget section */
		E93F36B425F235E100834805 /* NNNnnn */ = {
			isa = PBXNativeTarget;
			buildConfigurationList = E93F36C925F235E700834805 /* Build configuration list for PBXNativeTarget "NNNnnn" */;
			buildPhases = (
				E93F36B125F235E100834805 /* Sources */,
				E93F36B225F235E100834805 /* Frameworks */,
				E93F36B325F235E100834805 /* Resources */,
			);
			buildRules = (
			);
			dependencies = (
			);
			name = NNNnnn;
			productName = NNNnnn;
			productReference = E93F36B525F235E100834805 /* NNNnnn.app */;
			productType = "com.apple.product-type.application";
		};
/* End PBXNativeTarget section */

/* Begin PBXProject section */
		E93F36AD25F235E000834805 /* Project object */ = {
			isa = PBXProject;
			attributes = {
				LastSwiftUpdateCheck = 1240;
				LastUpgradeCheck = 1240;
				TargetAttributes = {
					E93F36B425F235E100834805 = {
						CreatedOnToolsVersion = 12.4;
					};
				};
			};
			buildConfigurationList = E93F36B025F235E000834805 /* Build configuration list for PBXProject "NNNnnn" */;
			compatibilityVersion = "Xcode 9.3";
			developmentRegion = en;
			hasScannedForEncodings = 0;
			knownRegions = (
				en,
				Base,
			);
			mainGroup = E93F36AC25F235E000834805;
			productRefGroup = E93F36B625F235E100834805 /* Products */;
			projectDirPath = "";
			projectRoot = "";
			targets = (
				E93F36B425F235E100834805 /* NNNnnn */,
			);
		};
/* End PBXProject section */

/* Begin PBXResourcesBuildPhase section */
		E93F36B325F235E100834805 /* Resources */ = {
			isa = PBXResourcesBuildPhase;
			buildActionMask = 2147483647;
			files = (
				E93F36C525F235E700834805 /* LaunchScreen.storyboard in Resources */,
				E93F36C225F235E700834805 /* Assets.xcassets in Resources */,
				E93F36C025F235E100834805 /* Main.storyboard in Resources */,
			);
			runOnlyForDeploymentPostprocessing = 0;
		};
/* End PBXResourcesBuildPhase section */

/* Begin PBXSourcesBuildPhase section */
		E93F36B125F235E100834805 /* Sources */ = {
			isa = PBXSourcesBuildPhase;
			buildActionMask = 2147483647;
			files = (
				E93F36D825F380B200834805 /* NetworkDataFetcher.swift in Sources */,
				E93F36D125F2B5D800834805 /* NetworkService.swift in Sources */,
				E93F36CE25F28EA600834805 /* SearchResponse.swift in Sources */,
				E93F36BD25F235E100834805 /* ViewController.swift in Sources */,
				E93F36B925F235E100834805 /* AppDelegate.swift in Sources */,
				E93F36BB25F235E100834805 /* SceneDelegate.swift in Sources */,
			);
			runOnlyForDeploymentPostprocessing = 0;
		};
/* End PBXSourcesBuildPhase section */

/* Begin PBXVariantGroup section */
		E93F36BE25F235E100834805 /* Main.storyboard */ = {
			isa = PBXVariantGroup;
			children = (
				E93F36BF25F235E100834805 /* Base */,
			);
			name = Main.storyboard;
			sourceTree = "<group>";
		};
		E93F36C325F235E700834805 /* LaunchScreen.storyboard */ = {
			isa = PBXVariantGroup;
			children = (
				E93F36C425F235E700834805 /* Base */,
			);
			name = LaunchScreen.storyboard;
			sourceTree = "<group>";
		};
/* End PBXVariantGroup section */

/* Begin XCBuildConfiguration section */
		E93F36C725F235E700834805 /* Debug */ = {
			isa = XCBuildConfiguration;
			buildSettings = {
				ALWAYS_SEARCH_USER_PATHS = NO;
				CLANG_ANALYZER_NONNULL = YES;
				CLANG_ANALYZER_NUMBER_OBJECT_CONVERSION = YES_AGGRESSIVE;
				CLANG_CXX_LANGUAGE_STANDARD = "gnu++14";
				CLANG_CXX_LIBRARY = "libc++";
				CLANG_ENABLE_MODULES = YES;
				CLANG_ENABLE_OBJC_ARC = YES;
				CLANG_ENABLE_OBJC_WEAK = YES;
				CLANG_WARN_BLOCK_CAPTURE_AUTORELEASING = YES;
				CLANG_WARN_BOOL_CONVERSION = YES;
				CLANG_WARN_COMMA = YES;
				CLANG_WARN_CONSTANT_CONVERSION = YES;
				CLANG_WARN_DEPRECATED_OBJC_IMPLEMENTATIONS = YES;
				CLANG_WARN_DIRECT_OBJC_ISA_USAGE = YES_ERROR;
				CLANG_WARN_DOCUMENTATION_COMMENTS = YES;
				CLANG_WARN_EMPTY_BODY = YES;
				CLANG_WARN_ENUM_CONVERSION = YES;
				CLANG_WARN_INFINITE_RECURSION = YES;
				CLANG_WARN_INT_CONVERSION = YES;
				CLANG_WARN_NON_LITERAL_NULL_CONVERSION = YES;
				CLANG_WARN_OBJC_IMPLICIT_RETAIN_SELF = YES;
				CLANG_WARN_OBJC_LITERAL_CONVERSION = YES;
				CLANG_WARN_OBJC_ROOT_CLASS = YES_ERROR;
				CLANG_WARN_QUOTED_INCLUDE_IN_FRAMEWORK_HEADER = YES;
				CLANG_WARN_RANGE_LOOP_ANALYSIS = YES;
				CLANG_WARN_STRICT_PROTOTYPES = YES;
				CLANG_WARN_SUSPICIOUS_MOVE = YES;
				CLANG_WARN_UNGUARDED_AVAILABILITY = YES_AGGRESSIVE;
				CLANG_WARN_UNREACHABLE_CODE = YES;
				CLANG_WARN__DUPLICATE_METHOD_MATCH = YES;
				COPY_PHASE_STRIP = NO;
				DEBUG_INFORMATION_FORMAT = dwarf;
				ENABLE_STRICT_OBJC_MSGSEND = YES;
				ENABLE_TESTABILITY = YES;
				GCC_C_LANGUAGE_STANDARD = gnu11;
				GCC_DYNAMIC_NO_PIC = NO;
				GCC_NO_COMMON_BLOCKS = YES;
				GCC_OPTIMIZATION_LEVEL = 0;
				GCC_PREPROCESSOR_DEFINITIONS = (
					"DEBUG=1",
					"$(inherited)",
				);
				GCC_WARN_64_TO_32_BIT_CONVERSION = YES;
				GCC_WARN_ABOUT_RETURN_TYPE = YES_ERROR;
				GCC_WARN_UNDECLARED_SELECTOR = YES;
				GCC_WARN_UNINITIALIZED_AUTOS = YES_AGGRESSIVE;
				GCC_WARN_UNUSED_FUNCTION = YES;
				GCC_WARN_UNUSED_VARIABLE = YES;
				IPHONEOS_DEPLOYMENT_TARGET = 14.4;
				MTL_ENABLE_DEBUG_INFO = INCLUDE_SOURCE;
				MTL_FAST_MATH = YES;
				ONLY_ACTIVE_ARCH = YES;
				SDKROOT = iphoneos;
				SWIFT_ACTIVE_COMPILATION_CONDITIONS = DEBUG;
				SWIFT_OPTIMIZATION_LEVEL = "-Onone";
			};
			name = Debug;
		};
		E93F36C825F235E700834805 /* Release */ = {
			isa = XCBuildConfiguration;
			buildSettings = {
				ALWAYS_SEARCH_USER_PATHS = NO;
				CLANG_ANALYZER_NONNULL = YES;
				CLANG_ANALYZER_NUMBER_OBJECT_CONVERSION = YES_AGGRESSIVE;
				CLANG_CXX_LANGUAGE_STANDARD = "gnu++14";
				CLANG_CXX_LIBRARY = "libc++";
				CLANG_ENABLE_MODULES = YES;
				CLANG_ENABLE_OBJC_ARC = YES;
				CLANG_ENABLE_OBJC_WEAK = YES;
				CLANG_WARN_BLOCK_CAPTURE_AUTORELEASING = YES;
				CLANG_WARN_BOOL_CONVERSION = YES;
				CLANG_WARN_COMMA = YES;
				CLANG_WARN_CONSTANT_CONVERSION = YES;
				CLANG_WARN_DEPRECATED_OBJC_IMPLEMENTATIONS = YES;
				CLANG_WARN_DIRECT_OBJC_ISA_USAGE = YES_ERROR;
				CLANG_WARN_DOCUMENTATION_COMMENTS = YES;
				CLANG_WARN_EMPTY_BODY = YES;
				CLANG_WARN_ENUM_CONVERSION = YES;
				CLANG_WARN_INFINITE_RECURSION = YES;
				CLANG_WARN_INT_CONVERSION = YES;
				CLANG_WARN_NON_LITERAL_NULL_CONVERSION = YES;
				CLANG_WARN_OBJC_IMPLICIT_RETAIN_SELF = YES;
				CLANG_WARN_OBJC_LITERAL_CONVERSION = YES;
				CLANG_WARN_OBJC_ROOT_CLASS = YES_ERROR;
				CLANG_WARN_QUOTED_INCLUDE_IN_FRAMEWORK_HEADER = YES;
				CLANG_WARN_RANGE_LOOP_ANALYSIS = YES;
				CLANG_WARN_STRICT_PROTOTYPES = YES;
				CLANG_WARN_SUSPICIOUS_MOVE = YES;
				CLANG_WARN_UNGUARDED_AVAILABILITY = YES_AGGRESSIVE;
				CLANG_WARN_UNREACHABLE_CODE = YES;
				CLANG_WARN__DUPLICATE_METHOD_MATCH = YES;
				COPY_PHASE_STRIP = NO;
				DEBUG_INFORMATION_FORMAT = "dwarf-with-dsym";
				ENABLE_NS_ASSERTIONS = NO;
				ENABLE_STRICT_OBJC_MSGSEND = YES;
				GCC_C_LANGUAGE_STANDARD = gnu11;
				GCC_NO_COMMON_BLOCKS = YES;
				GCC_WARN_64_TO_32_BIT_CONVERSION = YES;
				GCC_WARN_ABOUT_RETURN_TYPE = YES_ERROR;
				GCC_WARN_UNDECLARED_SELECTOR = YES;
				GCC_WARN_UNINITIALIZED_AUTOS = YES_AGGRESSIVE;
				GCC_WARN_UNUSED_FUNCTION = YES;
				GCC_WARN_UNUSED_VARIABLE = YES;
				IPHONEOS_DEPLOYMENT_TARGET = 14.4;
				MTL_ENABLE_DEBUG_INFO = NO;
				MTL_FAST_MATH = YES;
				SDKROOT = iphoneos;
				SWIFT_COMPILATION_MODE = wholemodule;
				SWIFT_OPTIMIZATION_LEVEL = "-O";
				VALIDATE_PRODUCT = YES;
			};
			name = Release;
		};
		E93F36CA25F235E700834805 /* Debug */ = {
			isa = XCBuildConfiguration;
			buildSettings = {
				ASSETCATALOG_COMPILER_APPICON_NAME = AppIcon;
				ASSETCATALOG_COMPILER_GLOBAL_ACCENT_COLOR_NAME = AccentColor;
				CODE_SIGN_STYLE = Automatic;
				INFOPLIST_FILE = NNNnnn/Info.plist;
				LD_RUNPATH_SEARCH_PATHS = (
					"$(inherited)",
					"@executable_path/Frameworks",
				);
				PRODUCT_BUNDLE_IDENTIFIER = training.NNNnnn;
				PRODUCT_NAME = "$(TARGET_NAME)";
				SWIFT_VERSION = 5.0;
				TARGETED_DEVICE_FAMILY = "1,2";
			};
			name = Debug;
		};
		E93F36CB25F235E700834805 /* Release */ = {
			isa = XCBuildConfiguration;
			buildSettings = {
				ASSETCATALOG_COMPILER_APPICON_NAME = AppIcon;
				ASSETCATALOG_COMPILER_GLOBAL_ACCENT_COLOR_NAME = AccentColor;
				CODE_SIGN_STYLE = Automatic;
				INFOPLIST_FILE = NNNnnn/Info.plist;
				LD_RUNPATH_SEARCH_PATHS = (
					"$(inherited)",
					"@executable_path/Frameworks",
				);
				PRODUCT_BUNDLE_IDENTIFIER = training.NNNnnn;
				PRODUCT_NAME = "$(TARGET_NAME)";
				SWIFT_VERSION = 5.0;
				TARGETED_DEVICE_FAMILY = "1,2";
			};
			name = Release;
		};
/* End XCBuildConfiguration section */

/* Begin XCConfigurationList section */
		E93F36B025F235E000834805 /* Build configuration list for PBXProject "NNNnnn" */ = {
			isa = XCConfigurationList;
			buildConfigurations = (
				E93F36C725F235E700834805 /* Debug */,
				E93F36C825F235E700834805 /* Release */,
			);
			defaultConfigurationIsVisible = 0;
			defaultConfigurationName = Release;
		};
		E93F36C925F235E700834805 /* Build configuration list for PBXNativeTarget "NNNnnn" */ = {
			isa = XCConfigurationList;
			buildConfigurations = (
				E93F36CA25F235E700834805 /* Debug */,
				E93F36CB25F235E700834805 /* Release */,
			);
			defaultConfigurationIsVisible = 0;
			defaultConfigurationName = Release;
		};
/* End XCConfigurationList section */
	};
	rootObject = E93F36AD25F235E000834805 /* Project object */;
}
